
Microsoft Visual Studio Solution File, Format Version 12.00
# Visual Studio Version 16
VisualStudioVersion = 16.0.29911.84
MinimumVisualStudioVersion = 10.0.40219.1
Project("{FAE04EC0-301F-11D3-BF4B-00C04F79EFBC}") = "AmazonS3AspNet", "AmazonS3AspNet.csproj", "{ABCBEF6B-0D6D-4E92-AB76-C0EDE6D9D4F5}"
EndProject
Global
	GlobalSection(SolutionConfigurationPlatforms) = preSolution
		Debug|Any CPU = Debug|Any CPU
		Release|Any CPU = Release|Any CPU
	EndGlobalSection
	GlobalSection(ProjectConfigurationPlatforms) = postSolution
		{ABCBEF6B-0D6D-4E92-AB76-C0EDE6D9D4F5}.Debug|Any CPU.ActiveCfg = Debug|Any CPU
		{ABCBEF6B-0D6D-4E92-AB76-C0EDE6D9D4F5}.Debug|Any CPU.Build.0 = Debug|Any CPU
		{ABCBEF6B-0D6D-4E92-AB76-C0EDE6D9D4F5}.Release|Any CPU.ActiveCfg = Release|Any CPU
		{ABCBEF6B-0D6D-4E92-AB76-C0EDE6D9D4F5}.Release|Any CPU.Build.0 = Release|Any CPU
	EndGlobalSection
	GlobalSection(SolutionProperties) = preSolution
		HideSolutionNode = FALSE
	EndGlobalSection
	GlobalSection(ExtensibilityGlobals) = postSolution
		SolutionGuid = {F5D52021-9BE9-4CFE-B26F-BF537E559ABA}
	EndGlobalSection
EndGlobal
